# This file was autogenerated by Stack.
# You should not edit this file by hand.
# For more information, please see the documentation at:
#   https://docs.haskellstack.org/en/stable/lock_files

packages:
- completed:
    subdir: playground-common
    name: playground-common
    version: 0.1.0.0
    git: https://github.com/input-output-hk/plutus.git
    pantry-tree:
      size: 1985
      sha256: 286a47a9b6ec9cea034de7b272be9bc8da98529fe1a9d706d70ea56f05edc5d6
    commit: ba9cb287addd19e602991a4a5c6c4c011321c506
  original:
    subdir: playground-common
    git: https://github.com/input-output-hk/plutus.git
    commit: ba9cb287addd19e602991a4a5c6c4c011321c506
- completed:
    subdir: plutus-core
    name: plutus-core
    version: 0.1.0.0
    git: https://github.com/input-output-hk/plutus.git
    pantry-tree:
      size: 81919
      sha256: 0ed0b37cd74aeed8cb184a95e57edb7c74f3fb8286cc6cbb8f51f6149264004c
    commit: ba9cb287addd19e602991a4a5c6c4c011321c506
  original:
    subdir: plutus-core
    git: https://github.com/input-output-hk/plutus.git
    commit: ba9cb287addd19e602991a4a5c6c4c011321c506
- completed:
    subdir: plutus-contract
    name: plutus-contract
    version: 0.1.0.0
    git: https://github.com/input-output-hk/plutus.git
    pantry-tree:
      size: 5836
      sha256: 7a8501a7ea2bc4c2265fefb5b1d80c4f67bbb61ddcd657122b437264f42b4a71
    commit: ba9cb287addd19e602991a4a5c6c4c011321c506
  original:
    subdir: plutus-contract
    git: https://github.com/input-output-hk/plutus.git
    commit: ba9cb287addd19e602991a4a5c6c4c011321c506
- completed:
    subdir: plutus-ledger
    name: plutus-ledger
    version: 0.1.0.0
    git: https://github.com/input-output-hk/plutus.git
    pantry-tree:
      size: 1436
      sha256: 13ade997c119046c95a18566737ee102d1f2e6ec4face89291b9f9eee4b00c9d
    commit: ba9cb287addd19e602991a4a5c6c4c011321c506
  original:
    subdir: plutus-ledger
    git: https://github.com/input-output-hk/plutus.git
    commit: ba9cb287addd19e602991a4a5c6c4c011321c506
- completed:
    subdir: plutus-tx
    name: plutus-tx
    version: 0.1.0.0
    git: https://github.com/input-output-hk/plutus.git
    pantry-tree:
      size: 2713
      sha256: 38a7072ab7f153a541c3ba951f47e860ba04a79de96ef85dc843ad8f1b74a069
    commit: ba9cb287addd19e602991a4a5c6c4c011321c506
  original:
    subdir: plutus-tx
    git: https://github.com/input-output-hk/plutus.git
    commit: ba9cb287addd19e602991a4a5c6c4c011321c506
- completed:
    subdir: plutus-tx-plugin
    name: plutus-tx-plugin
    version: 0.1.0.0
    git: https://github.com/input-output-hk/plutus.git
    pantry-tree:
      size: 14514
      sha256: 06931bde8352e15912f4b847d1792bda39db21200de89baa1a39bfdbe430e333
    commit: ba9cb287addd19e602991a4a5c6c4c011321c506
  original:
    subdir: plutus-tx-plugin
    git: https://github.com/input-output-hk/plutus.git
    commit: ba9cb287addd19e602991a4a5c6c4c011321c506
- completed:
    subdir: prettyprinter-configurable
    name: prettyprinter-configurable
    version: 0.1.0.0
    git: https://github.com/input-output-hk/plutus.git
    pantry-tree:
      size: 1191
      sha256: 1ab5120aa1127c06a75cf3920af7ea0a69edd5d1828b7163f74984699b9626f9
    commit: ba9cb287addd19e602991a4a5c6c4c011321c506
  original:
    subdir: prettyprinter-configurable
    git: https://github.com/input-output-hk/plutus.git
    commit: ba9cb287addd19e602991a4a5c6c4c011321c506
- completed:
    subdir: plutus-ledger-api
    name: plutus-ledger-api
    version: 0.1.0.0
    git: https://github.com/input-output-hk/plutus.git
    pantry-tree:
      size: 1361
      sha256: 38f3ea631214c0df1b13baef2fc30ae0e118021f5c926bb9112f1a9b4d7b361b
    commit: ba9cb287addd19e602991a4a5c6c4c011321c506
  original:
    subdir: plutus-ledger-api
    git: https://github.com/input-output-hk/plutus.git
    commit: ba9cb287addd19e602991a4a5c6c4c011321c506
- completed:
    subdir: freer-extras
    name: freer-extras
    version: 0.1.0.0
    git: https://github.com/input-output-hk/plutus.git
    pantry-tree:
      size: 595
      sha256: 3002ae0543cd33905ba6ee0e98918771b37ad7daa0492f84b39f0b848ac34c50
    commit: ba9cb287addd19e602991a4a5c6c4c011321c506
  original:
    subdir: freer-extras
    git: https://github.com/input-output-hk/plutus.git
    commit: ba9cb287addd19e602991a4a5c6c4c011321c506
- completed:
    hackage: pure-zlib-0.6.7@sha256:5a1cdf87bf3079b7d3abace1f94eeb3c597c687a38a08ee2908783e609271467,3487
    pantry-tree:
      size: 2173
      sha256: c8a18177a5a2b5508d12752e67b1932567e3534cd94dc33aae08a2492d314ecb
  original:
    hackage: pure-zlib-0.6.7@sha256:5a1cdf87bf3079b7d3abace1f94eeb3c597c687a38a08ee2908783e609271467,3487
- completed:
    hackage: lazy-search-0.1.2.0@sha256:2c9e1071b3fbabf6f9ac3eab846a8314bbb9f73901436a2882de249e6121724e,1199
    pantry-tree:
      size: 279
      sha256: fad80834e75c486125473e7f2148ff05749984d1a1f41d5eb119a38b83d702b2
  original:
    hackage: lazy-search-0.1.2.0
- completed:
    hackage: size-based-0.1.2.0@sha256:1b33da89d270189661dbbda49a88b0c21d2fc2f7a407e7a2b1933e2faf0f5d4d,1258
    pantry-tree:
      size: 480
      sha256: 2c8a16986903aecfc14ada381ff9f369e218feaf5dc90e934e93ecbf83905b1a
  original:
    hackage: size-based-0.1.2.0
- completed:
    hackage: testing-feat-1.1.0.0@sha256:7c7629c5014edf06aefbf30a061d1ee64c6ee15f438d868e34749fb22208ab0b,2466
    pantry-tree:
      size: 790
      sha256: 444f3c68a4f4fa1488fbbe9e8d9bbcc5f226b12a5027ee93683d5f95bf0ece28
  original:
    hackage: testing-feat-1.1.0.0
- completed:
    hackage: Stream-0.4.7.2@sha256:ed78165aa34c4e23dc53c9072f8715d414a585037f2145ea0eb2b38300354c53,1009
    pantry-tree:
      size: 207
      sha256: 009fe33c4779bd1705a26f9b036f0996e9fc85df06418aec3dda967554e6ef83
  original:
    hackage: Stream-0.4.7.2@sha256:ed78165aa34c4e23dc53c9072f8715d414a585037f2145ea0eb2b38300354c53,1009
- completed:
    hackage: lazysmallcheck-0.6@sha256:dac7a1e4877681f1260309e863e896674dd6efc1159897b7945893e693f2a6bc,1696
    pantry-tree:
      size: 2008
      sha256: aea6b83dd91703fd130d98ecfed88b8f16841b22990c837c8fde89f9f6cca809
  original:
    hackage: lazysmallcheck-0.6@sha256:dac7a1e4877681f1260309e863e896674dd6efc1159897b7945893e693f2a6bc,1696
- completed:
    hackage: aws-lambda-haskell-runtime-3.0.3@sha256:ee7028412fc47fc40b07d59030461e229c75dbd336b7cca8bb045031497c2381,3015
    pantry-tree:
      size: 1560
      sha256: e42aed32797952f60afbb2311641b47ae5037520f8d06060dd66469060787965
  original:
    hackage: aws-lambda-haskell-runtime-3.0.3
- completed:
    hackage: aws-lambda-haskell-runtime-wai-1.0.2@sha256:5ce655247461b562c8048011ddc022130135a03417def8203aad92366cc979ab,1965
    pantry-tree:
      size: 388
      sha256: 377e8fbc19ff246731bd466ffc1960b6ce9c88f83908be92a8681e46ff21cdd8
  original:
    hackage: aws-lambda-haskell-runtime-wai-1.0.2@sha256:5ce655247461b562c8048011ddc022130135a03417def8203aad92366cc979ab,1965
- completed:
    hackage: composition-prelude-3.0.0.2@sha256:1ffed216bd28d810fce0b5be83a661e2a892696d73b3f8de5c0f5edb9b5f0090,1216
    pantry-tree:
      size: 284
      sha256: 94fc1c55e9065ae575315ac52a552d0e03beaefef4669a58a9745c6d71b4dd6b
  original:
    hackage: composition-prelude-3.0.0.2
- completed:
    hackage: constraints-extras-0.3.0.2@sha256:013b8d0392582c6ca068e226718a4fe8be8e22321cc0634f6115505bf377ad26,1853
    pantry-tree:
      size: 594
      sha256: 3ce1012bfb02e4d7def9df19ce80b8cd2b472c691b25b181d9960638673fecd1
  original:
    hackage: constraints-extras-0.3.0.2
- completed:
    hackage: dependent-map-0.4.0.0@sha256:ca2b131046f4340a1c35d138c5a003fe4a5be96b14efc26291ed35fd08c62221,1657
    pantry-tree:
      size: 551
      sha256: 5defa30010904d2ad05a036f3eaf83793506717c93cbeb599f40db1a3632cfc5
  original:
    hackage: dependent-map-0.4.0.0
- completed:
    hackage: dependent-sum-0.6.2.0@sha256:bff37c85b38e768b942f9d81c2465b63a96076f1ba006e35612aa357770807b6,1856
    pantry-tree:
      size: 474
      sha256: ad3fbed5104f9ee9c8082c9dcc8ade847674e3053572533e8d26ad1a866f1107
  original:
    hackage: dependent-sum-0.6.2.0
- completed:
    hackage: dependent-sum-template-0.1.0.3@sha256:0bbbacdfbd3abf2a15aaf0cf2c27e5bdd159b519441fec39e1e6f2f54424adde,1682
    pantry-tree:
      size: 436
      sha256: 32eeadeb991a290a1da41ce7e995dee7d38ebba3bd3e53ea8074c32c086701fd
  original:
    hackage: dependent-sum-template-0.1.0.3
- completed:
    hackage: eventful-memory-0.2.0@sha256:0b34971fa4c1c158fe3261b87e097c5eb084ae88a0f9ef1e65af5a9a99cbaeba,1575
    pantry-tree:
      size: 713
      sha256: f67244c135d9a373cc1925308953bc969215ed74ba845c684848061b517f745d
  original:
    hackage: eventful-memory-0.2.0
- completed:
    hackage: barbies-2.0.2.0@sha256:fa6656b45c40f7d4ab1764d078c6878f37d37fab7f7135c061e9a5baa67943c0,4407
    pantry-tree:
      size: 4426
      sha256: 5aa3ff178fe56b21250543384e8482de13f35ef57a06943178382b0f2e3eca24
  original:
    hackage: barbies-2.0.2.0
- completed:
    hackage: nothunks-0.1.2@sha256:dff801c9f08ed2fcfb24e029b96a235b89f98623bb2b4df43f8b3b50b30706a3,2316
    pantry-tree:
      size: 342
      sha256: 54331222541e53ef6f9d2596fa4e2e648d0e26e17db6351f1118f1f3fe66b70e
  original:
    hackage: nothunks-0.1.2
- completed:
    hackage: indexed-traversable-instances-0.1@sha256:3aaf97040001bbe583e29c2b9c7d41660df265e6565a0d2ac09a3ed5b8bc21be,2874
    pantry-tree:
      size: 427
      sha256: d69630ba4b548b72eed15553586ce7b1e574cd8e4cc5b30d506ab3a697b26502
  original:
    hackage: indexed-traversable-instances-0.1
- completed:
    hackage: base16-bytestring-1.0.1.0@sha256:33b9d57afa334d06485033e930c6b13fc760baf88fd8f715ae2f9a4b46e19a54,2641
    pantry-tree:
      size: 595
      sha256: 24661ef9b1089d468227300f8ceb89194b5cce68b9f6ed8109b01f63c07f54e3
  original:
    hackage: base16-bytestring-1.0.1.0
- completed:
    hackage: eventful-sql-common-0.2.0@sha256:8766a5ebc16044c254d1789ee63d01c8fdf9d1f878e720bf6069526d76d4e4d7,1118
    pantry-tree:
      size: 494
      sha256: ce7d831627102fadbbae6f01514e0c4d1dfe1dc95213325c7d6edb848bfd53a7
  original:
    hackage: eventful-sql-common-0.2.0@rev:0
- completed:
    hackage: eventful-sqlite-0.2.0@sha256:efde984178e436bb387e81ae25be5ff652555bf04b0e5eb65bd654dffd8bf59b,1507
    pantry-tree:
      size: 410
      sha256: 658209832378e283b4529afe2f92b3ec9dc301fa0e2763cedb652d6bcc2b9774
  original:
    hackage: eventful-sqlite-0.2.0
- completed:
    hackage: monoidal-containers-0.6.0.1@sha256:ffdfae0fde7a08e9e314667a78d86454d2d23137d85f226ec6e757c190fb28ad,2583
    pantry-tree:
      size: 569
      sha256: 61d5a73cb768aa4d59db7365418a2fc1bb24b8c3e53ca496372656b6ba4d31ab
  original:
    hackage: monoidal-containers-0.6.0.1
- completed:
    hackage: recursion-schemes-5.1.3@sha256:cbcf3c36e1733a83fb8cda305bde2de18a2fbab53692e3301263964def430107,3523
    pantry-tree:
      size: 719
      sha256: 617f5740281ab044b0205b5a2810bfa8efc6b858705fe8caff5438a382bcfd96
  original:
    hackage: recursion-schemes-5.1.3
- completed:
    hackage: row-types-0.4.0.0@sha256:adf9dcf41e44e61c443a02cb9927740ea211e4cf60e68fb9d7b312da7bdd33be,3579
    pantry-tree:
      size: 777
      sha256: 505cd5e903b359f800f7fc14776df4e1d03c18c4ebfa1dfa657754c73365f0df
  original:
    hackage: row-types-0.4.0.0
- completed:
    hackage: time-out-0.2@sha256:b9a6b4dee64f030ecb2a25dca0faff39b3cb3b5fefbb8af3cdec4142bfd291f2,3010
    pantry-tree:
      size: 923
      sha256: dcedaba4d5a1dcfbef65ede20f25b1465ca5d211178fbff5ed6cd8cf75bed1cf
  original:
    hackage: time-out-0.2@sha256:b9a6b4dee64f030ecb2a25dca0faff39b3cb3b5fefbb8af3cdec4142bfd291f2
- completed:
    hackage: time-interval-0.1.1@sha256:7bfd3601853d1af7caa18248ec10b01701d035ac274a93bb4670fea52a14d4e8,2567
    pantry-tree:
      size: 456
      sha256: 7e259a34960b881f67a47e677eb77906922661c1036c8a5c62bcfc394cc655b7
  original:
    hackage: time-interval-0.1.1@sha256:7bfd3601853d1af7caa18248ec10b01701d035ac274a93bb4670fea52a14d4e8
- completed:
    hackage: time-units-1.0.0@sha256:27cf54091c4a0ca73d504fc11d5c31ab4041d17404fe3499945e2055697746c1,928
    pantry-tree:
      size: 212
      sha256: 9b516d4195fcea22cd1f4335cfe210e88deca397ba7dacc494d5a2feb69e1af8
  original:
    hackage: time-units-1.0.0@sha256:27cf54091c4a0ca73d504fc11d5c31ab4041d17404fe3499945e2055697746c1
- completed:
    hackage: servant-websockets-2.0.0@sha256:6e9e3600bced90fd52ed3d1bf632205cb21479075b20d6637153cc4567000234,2253
    pantry-tree:
      size: 523
      sha256: 085c6620bff7671bef1d969652a349271c3703fbf10dd753cb63ee1cd700bca5
  original:
    hackage: servant-websockets-2.0.0
- completed:
    hackage: servant-subscriber-0.7.0.0@sha256:e54a3ca6d52227025081bbc470a3af35efecbe0f82050d06aa5c9bbdf05795a6,2635
    pantry-tree:
      size: 859
      sha256: 8f0a4cf5c7c340c347c6b9117c809c9dbf7c15a4c94d80d1f07bd2e3f47308c9
  original:
    hackage: servant-subscriber-0.7.0.0
- completed:
    hackage: safe-exceptions-checked-0.1.0@sha256:ae142f284c6b102f0e7606a69a5719f4f72771d9cc353af72fa4484326689100,1603
    pantry-tree:
      size: 298
      sha256: d1f8ba50967547f26cdc37cbc64bdc85af57d856986876a6a5767a61977bc299
  original:
    hackage: safe-exceptions-checked-0.1.0
- completed:
    hackage: async-timer-0.1.4.1@sha256:2f5c4ced218f0bce5872cee1f9eca94647a3ecb05ceacedccef1214cc39d68b7,1983
    pantry-tree:
      size: 506
      sha256: 2dcd1dc815fdf68d1bc4c3ad296af3236d178053a810f38cc1fe0d401dc800a1
  original:
    hackage: async-timer-0.1.4.1
- completed:
    hackage: sbv-8.9@sha256:efb0f16c671869805e57d11e269793d5e5ae512e8e626582cf76b8e46a63e9c6,28985
    pantry-tree:
      size: 62515
      sha256: 9bb3bb8dbb26363388e013c795e60e81f9b243ecac6e28b3e9d7079c083ebdf4
  original:
    hackage: sbv-8.9
- completed:
    hackage: wl-pprint-1.2.1@sha256:aea676cff4a062d7d912149d270e33f5bb0c01b68a9db46ff13b438141ff4b7c,734
    pantry-tree:
      size: 221
      sha256: 750b375c6fc33400551f9e32e26e41844c372270a9bc3571e912fa36df7c6d4f
  original:
    hackage: wl-pprint-1.2.1@sha256:aea676cff4a062d7d912149d270e33f5bb0c01b68a9db46ff13b438141ff4b7c
- completed:
    hackage: witherable-0.4.1@sha256:5b4840efe20d16cab6b13fa2f39ed383703cccbc246f5b710591069fcc6884c0,2249
    pantry-tree:
      size: 384
      sha256: 04dcdcc8bbb860ac0a5ead297f03b29a81a06e26d739fca99770388513bc0550
  original:
    hackage: witherable-0.4.1
- completed:
    hackage: canonical-json-0.6.0.0@sha256:9021f435ccb884a3b4c55bcc6b50eb19d5fc3cc3f29d5fcbdef016f5bbae23a2,3488
    pantry-tree:
      size: 646
      sha256: 18e3afbd09480a247cd39355929d638e0888ccd2c3873cb79c5a5bc2231fae4f
  original:
    hackage: canonical-json-0.6.0.0@sha256:9021f435ccb884a3b4c55bcc6b50eb19d5fc3cc3f29d5fcbdef016f5bbae23a2,3488
- completed:
    hackage: statistics-linreg-0.3@sha256:95c6efe6c7f6b26bc6e9ada90ab2d18216371cf59a6ef2b517b4a6fd35d9a76f,2544
    pantry-tree:
      size: 233
      sha256: 8d1978a6497e4fd9c66b0c5f24ea659aa9714f5b7e8b1dcfce7fb7bb8d4dee0e
  original:
    hackage: statistics-linreg-0.3@sha256:95c6efe6c7f6b26bc6e9ada90ab2d18216371cf59a6ef2b517b4a6fd35d9a76f,2544
- completed:
    name: purescript-bridge
    version: 0.13.1.0
    git: https://github.com/shmish111/purescript-bridge.git
    pantry-tree:
      size: 1562
      sha256: 21ce2905f0748a68a8a51e8bd43d00337e3cdba65f26d914c16f7ddd47d91169
    commit: 6a92d7853ea514be8b70bab5e72077bf5a510596
  original:
    git: https://github.com/shmish111/purescript-bridge.git
    commit: 6a92d7853ea514be8b70bab5e72077bf5a510596
- completed:
    name: servant-purescript
    version: 0.9.0.4
    git: https://github.com/eskimor/servant-purescript.git
    pantry-tree:
      size: 2542
      sha256: e73646e46322422f8acb7769fb56fee1ae7a11d87bead0910050e62cc3f66e4b
    commit: 6454d5bcb9aa2a5d6e3a3dc935423b67b6f3993c
  original:
    git: https://github.com/eskimor/servant-purescript.git
    commit: 6454d5bcb9aa2a5d6e3a3dc935423b67b6f3993c
- completed:
    name: cardano-crypto
    version: 1.1.0
    git: https://github.com/input-output-hk/cardano-crypto.git
    pantry-tree:
      size: 5300
      sha256: e47672988b56ef3c3bae513ab3cc1a50d492c75f598fcfb234d1db37bbacbada
    commit: f73079303f663e028288f9f4a9e08bcca39a923e
  original:
    git: https://github.com/input-output-hk/cardano-crypto.git
    commit: f73079303f663e028288f9f4a9e08bcca39a923e
- completed:
    name: unlit
    version: 0.4.0.1
    git: https://github.com/michaelpj/unlit.git
    pantry-tree:
      size: 15043
      sha256: 349d9403d216d1eaea58c3f769880d954a243209bf25c46d59672653ca1c75a1
    commit: 9ca1112093c5ffd356fc99c7dafa080e686dd748
  original:
    git: https://github.com/michaelpj/unlit.git
    commit: 9ca1112093c5ffd356fc99c7dafa080e686dd748
- completed:
    subdir: typed-protocols
    name: typed-protocols
    version: 0.1.0.0
    git: https://github.com/input-output-hk/ouroboros-network
    pantry-tree:
      size: 536
      sha256: 34c500ed366101448d398b5f60d4e9b74393e1bf05ef7b05a32cfc5a7f1c779c
    commit: 6cb9052bde39472a0555d19ade8a42da63d3e904
  original:
    subdir: typed-protocols
    git: https://github.com/input-output-hk/ouroboros-network
    commit: 6cb9052bde39472a0555d19ade8a42da63d3e904
- completed:
    subdir: typed-protocols-examples
    name: typed-protocols-examples
    version: 0.1.0.0
    git: https://github.com/input-output-hk/ouroboros-network
    pantry-tree:
      size: 1469
      sha256: 99a868ebf13948ea3f7ba97748bed647f1e5527b46e0e4016769c364775aec9b
    commit: 6cb9052bde39472a0555d19ade8a42da63d3e904
  original:
    subdir: typed-protocols-examples
    git: https://github.com/input-output-hk/ouroboros-network
    commit: 6cb9052bde39472a0555d19ade8a42da63d3e904
- completed:
    subdir: ouroboros-network
    name: ouroboros-network
    version: 0.1.0.0
    git: https://github.com/input-output-hk/ouroboros-network
    pantry-tree:
      size: 11450
      sha256: 7f578d18d04a28e2ee4f560a60b3d8ae8efebd93f9f6f8d8b4316b2e3250fc9c
    commit: 6cb9052bde39472a0555d19ade8a42da63d3e904
  original:
    subdir: ouroboros-network
    git: https://github.com/input-output-hk/ouroboros-network
    commit: 6cb9052bde39472a0555d19ade8a42da63d3e904
- completed:
    subdir: ouroboros-network-framework
    name: ouroboros-network-framework
    version: 0.1.0.0
    git: https://github.com/input-output-hk/ouroboros-network
    pantry-tree:
      size: 3672
      sha256: bc7e78d79eda80976994b8fa0826c770d6a28718f1823b914b082970dd1bc4a1
    commit: 6cb9052bde39472a0555d19ade8a42da63d3e904
  original:
    subdir: ouroboros-network-framework
    git: https://github.com/input-output-hk/ouroboros-network
    commit: 6cb9052bde39472a0555d19ade8a42da63d3e904
- completed:
    subdir: io-sim
    name: io-sim
    version: 0.2.0.0
    git: https://github.com/input-output-hk/ouroboros-network
    pantry-tree:
      size: 565
      sha256: 54ea6c96cf648ad25cde7c8808980f7ae56166f271f3c60fbdbe8d183365dc79
    commit: 6cb9052bde39472a0555d19ade8a42da63d3e904
  original:
    subdir: io-sim
    git: https://github.com/input-output-hk/ouroboros-network
    commit: 6cb9052bde39472a0555d19ade8a42da63d3e904
- completed:
    subdir: io-sim-classes
    name: io-sim-classes
    version: 0.2.0.0
    git: https://github.com/input-output-hk/ouroboros-network
    pantry-tree:
      size: 1155
      sha256: 7eeace159b8b4dcc8b5de1ba6a36854813d378730bfd33eeab9728ade8466986
    commit: 6cb9052bde39472a0555d19ade8a42da63d3e904
  original:
    subdir: io-sim-classes
    git: https://github.com/input-output-hk/ouroboros-network
    commit: 6cb9052bde39472a0555d19ade8a42da63d3e904
- completed:
    subdir: network-mux
    name: network-mux
    version: 0.1.0.0
    git: https://github.com/input-output-hk/ouroboros-network
    pantry-tree:
      size: 2001
      sha256: 460cf84a260f5b0e1fb903548a207a9acbd1c90b79aca2ca817eb40bb26b4a8c
    commit: 6cb9052bde39472a0555d19ade8a42da63d3e904
  original:
    subdir: network-mux
    git: https://github.com/input-output-hk/ouroboros-network
    commit: 6cb9052bde39472a0555d19ade8a42da63d3e904
- completed:
    subdir: Win32-network
    name: Win32-network
    version: 0.1.0.0
    git: https://github.com/input-output-hk/ouroboros-network
    pantry-tree:
      size: 1802
      sha256: ab10afa874c12ba891c44f00a34273d8eb607816e957af5cd4257d1797f415b2
    commit: 6cb9052bde39472a0555d19ade8a42da63d3e904
  original:
    subdir: Win32-network
    git: https://github.com/input-output-hk/ouroboros-network
    commit: 6cb9052bde39472a0555d19ade8a42da63d3e904
- completed:
    subdir: cardano-prelude
    name: cardano-prelude
    version: 0.1.0.0
    git: https://github.com/input-output-hk/cardano-prelude
    pantry-tree:
      size: 1654
      sha256: 4104e66a34e8b8efa0794c38ed12a1c2c42fd0c8674b2e23bfd35f69b0940566
    commit: ee4e7b547a991876e6b05ba542f4e62909f4a571
  original:
    subdir: cardano-prelude
    git: https://github.com/input-output-hk/cardano-prelude
    commit: ee4e7b547a991876e6b05ba542f4e62909f4a571
- completed:
    subdir: cardano-prelude-test
    name: cardano-prelude-test
    version: 0.1.0.0
    git: https://github.com/input-output-hk/cardano-prelude
    pantry-tree:
      size: 1130
      sha256: 5738518f918a2c7da4ee6ed6c7ffc68a9f99075dfc6fd8b2c2faf82da1046900
    commit: ee4e7b547a991876e6b05ba542f4e62909f4a571
  original:
    subdir: cardano-prelude-test
    git: https://github.com/input-output-hk/cardano-prelude
    commit: ee4e7b547a991876e6b05ba542f4e62909f4a571
- completed:
    subdir: binary
    name: cardano-binary
    version: 1.5.0
    git: https://github.com/input-output-hk/cardano-base
    pantry-tree:
      size: 1884
      sha256: dea1758ab230f70b17303e2f3730a580e233caa35dfdfb4d4403d76e2a05b1e6
    commit: 4251c0bb6e4f443f00231d28f5f70d42876da055
  original:
    subdir: binary
    git: https://github.com/input-output-hk/cardano-base
    commit: 4251c0bb6e4f443f00231d28f5f70d42876da055
- completed:
    subdir: cardano-crypto-class
    name: cardano-crypto-class
    version: 2.0.0
    git: https://github.com/input-output-hk/cardano-base
    pantry-tree:
      size: 3360
      sha256: 88eef9243284d02649ae03120310c074c8efc71e1704aab0db38cb21369e76ab
    commit: 4251c0bb6e4f443f00231d28f5f70d42876da055
  original:
    subdir: cardano-crypto-class
    git: https://github.com/input-output-hk/cardano-base
    commit: 4251c0bb6e4f443f00231d28f5f70d42876da055
- completed:
    subdir: cardano-crypto-tests
    name: cardano-crypto-tests
    version: 2.0.0
    git: https://github.com/input-output-hk/cardano-base
    pantry-tree:
      size: 879
      sha256: 6644badc2ba56908112d6b824c24ee39a1c25ccb73776fcaee42c21f34ae41a1
    commit: 4251c0bb6e4f443f00231d28f5f70d42876da055
  original:
    subdir: cardano-crypto-tests
    git: https://github.com/input-output-hk/cardano-base
    commit: 4251c0bb6e4f443f00231d28f5f70d42876da055
- completed:
    subdir: cardano-crypto-praos
    name: cardano-crypto-praos
    version: 2.0.0
    git: https://github.com/input-output-hk/cardano-base
    pantry-tree:
      size: 1886
      sha256: 3ee62b10ab4c0470dd6a6c86e0b4f0071fb5c37c0b8ed03dd3a30533ed3633a6
    commit: 4251c0bb6e4f443f00231d28f5f70d42876da055
  original:
    subdir: cardano-crypto-praos
    git: https://github.com/input-output-hk/cardano-base
    commit: 4251c0bb6e4f443f00231d28f5f70d42876da055
- completed:
    subdir: slotting
    name: cardano-slotting
    version: 0.1.0.0
    git: https://github.com/input-output-hk/cardano-base
    pantry-tree:
      size: 572
      sha256: d98cc993d23bf26f406ec72d1de957fa07a3fc1644400a0a659ffb9dee1592e6
    commit: 4251c0bb6e4f443f00231d28f5f70d42876da055
  original:
    subdir: slotting
    git: https://github.com/input-output-hk/cardano-base
    commit: 4251c0bb6e4f443f00231d28f5f70d42876da055
- completed:
    subdir: byron/chain/executable-spec
    name: byron-spec-chain
    version: 0.1.0.0
    git: https://github.com/input-output-hk/cardano-ledger-specs
    pantry-tree:
      size: 1029
      sha256: d7de96109d318c8ab12680193ce6b308fffa24834a0c38b138e93bdf8d8a405b
    commit: 097890495cbb0e8b62106bcd090a5721c3f4b36f
  original:
    subdir: byron/chain/executable-spec
    git: https://github.com/input-output-hk/cardano-ledger-specs
    commit: 097890495cbb0e8b62106bcd090a5721c3f4b36f
- completed:
    subdir: byron/crypto
    name: cardano-crypto-wrapper
    version: 1.3.0
    git: https://github.com/input-output-hk/cardano-ledger-specs
    pantry-tree:
      size: 4430
      sha256: 08c55c47b1eda422833d69c326698f4a4da478a12ebbad19606747f9b3119c5c
    commit: 097890495cbb0e8b62106bcd090a5721c3f4b36f
  original:
    subdir: byron/crypto
    git: https://github.com/input-output-hk/cardano-ledger-specs
    commit: 097890495cbb0e8b62106bcd090a5721c3f4b36f
- completed:
    subdir: byron/crypto/test
    name: cardano-crypto-test
    version: 1.3.0
    git: https://github.com/input-output-hk/cardano-ledger-specs
    pantry-tree:
      size: 2364
      sha256: 207b9bdbf33fd2e8515a4d1174530d7fcce8dd4e651e5de6e72fa9b90b1b3acd
    commit: 097890495cbb0e8b62106bcd090a5721c3f4b36f
  original:
    subdir: byron/crypto/test
    git: https://github.com/input-output-hk/cardano-ledger-specs
    commit: 097890495cbb0e8b62106bcd090a5721c3f4b36f
- completed:
    subdir: byron/ledger/executable-spec
    name: byron-spec-ledger
    version: 0.1.0.0
    git: https://github.com/input-output-hk/cardano-ledger-specs
    pantry-tree:
      size: 5043
      sha256: 06860258f503ef286eb56f70e15988e8c91d9b3528d1360fd8cabaa12d94f6a9
    commit: 097890495cbb0e8b62106bcd090a5721c3f4b36f
  original:
    subdir: byron/ledger/executable-spec
    git: https://github.com/input-output-hk/cardano-ledger-specs
    commit: 097890495cbb0e8b62106bcd090a5721c3f4b36f
- completed:
    subdir: byron/ledger/impl
    name: cardano-ledger
    version: 0.1.0.0
    git: https://github.com/input-output-hk/cardano-ledger-specs
    pantry-tree:
      size: 19574
      sha256: 9cd4a4bb3bd1943695044edc05d25d04db574ccd2bb92d9567993484075ca6d4
    commit: 097890495cbb0e8b62106bcd090a5721c3f4b36f
  original:
    subdir: byron/ledger/impl
    git: https://github.com/input-output-hk/cardano-ledger-specs
    commit: 097890495cbb0e8b62106bcd090a5721c3f4b36f
- completed:
    subdir: byron/ledger/impl/test
    name: cardano-ledger-test
    version: 1.3.0
    git: https://github.com/input-output-hk/cardano-ledger-specs
    pantry-tree:
      size: 11347
      sha256: 4c736e4b2603138fcc2a3c92fc0e955691a503540c496170af8274096a6c54e1
    commit: 097890495cbb0e8b62106bcd090a5721c3f4b36f
  original:
    subdir: byron/ledger/impl/test
    git: https://github.com/input-output-hk/cardano-ledger-specs
    commit: 097890495cbb0e8b62106bcd090a5721c3f4b36f
- completed:
    subdir: semantics/executable-spec
    name: small-steps
    version: 0.1.0.0
    git: https://github.com/input-output-hk/cardano-ledger-specs
    pantry-tree:
      size: 1140
      sha256: c8f7843de1f2bb1d67a85c24eb780e33469a4403b9d108300ebad241da9b020f
    commit: 097890495cbb0e8b62106bcd090a5721c3f4b36f
  original:
    subdir: semantics/executable-spec
    git: https://github.com/input-output-hk/cardano-ledger-specs
    commit: 097890495cbb0e8b62106bcd090a5721c3f4b36f
- completed:
    subdir: semantics/small-steps-test
    name: small-steps-test
    version: 0.1.0.0
    git: https://github.com/input-output-hk/cardano-ledger-specs
    pantry-tree:
      size: 972
      sha256: a4648e13d0c2784bcd2b3696b765b496627f7f95e683bf315057c01c511128c7
    commit: 097890495cbb0e8b62106bcd090a5721c3f4b36f
  original:
    subdir: semantics/small-steps-test
    git: https://github.com/input-output-hk/cardano-ledger-specs
    commit: 097890495cbb0e8b62106bcd090a5721c3f4b36f
- completed:
    subdir: shelley/chain-and-ledger/dependencies/non-integer
    name: shelley-spec-non-integral
    version: 0.1.0.0
    git: https://github.com/input-output-hk/cardano-ledger-specs
    pantry-tree:
      size: 1892
      sha256: 0ad352903164716228c9155155a14981eb1497e21ca9b169c0dc77da58955e3c
    commit: 097890495cbb0e8b62106bcd090a5721c3f4b36f
  original:
    subdir: shelley/chain-and-ledger/dependencies/non-integer
    git: https://github.com/input-output-hk/cardano-ledger-specs
    commit: 097890495cbb0e8b62106bcd090a5721c3f4b36f
- completed:
    subdir: shelley/chain-and-ledger/executable-spec
    name: shelley-spec-ledger
    version: 0.1.0.0
    git: https://github.com/input-output-hk/cardano-ledger-specs
    pantry-tree:
      size: 5772
      sha256: 24fe560ee507b12fe19dee7c3c6f800437d47ccd5a20751b8b431686d5d7f987
    commit: 097890495cbb0e8b62106bcd090a5721c3f4b36f
  original:
    subdir: shelley/chain-and-ledger/executable-spec
    git: https://github.com/input-output-hk/cardano-ledger-specs
    commit: 097890495cbb0e8b62106bcd090a5721c3f4b36f
- completed:
    subdir: shelley-ma/impl
    name: cardano-ledger-shelley-ma
    version: 0.1.0.0
    git: https://github.com/input-output-hk/cardano-ledger-specs
    pantry-tree:
      size: 1115
      sha256: 7b0573d86401bef28cb27ffc1676b1534c239cd687b8536a409d9ae942210a43
    commit: 097890495cbb0e8b62106bcd090a5721c3f4b36f
  original:
    subdir: shelley-ma/impl
    git: https://github.com/input-output-hk/cardano-ledger-specs
    commit: 097890495cbb0e8b62106bcd090a5721c3f4b36f
- completed:
    subdir: contra-tracer
    name: contra-tracer
    version: 0.1.0.0
    git: https://github.com/input-output-hk/iohk-monitoring-framework
    pantry-tree:
      size: 338
      sha256: 7902fbc68aba33d6f139d0815a6e71e704a62684bf2bddaca9959e569301f25d
    commit: a89c38ed5825ba17ca79fddb85651007753d699d
  original:
    subdir: contra-tracer
    git: https://github.com/input-output-hk/iohk-monitoring-framework
    commit: a89c38ed5825ba17ca79fddb85651007753d699d
- completed:
    subdir: iohk-monitoring
    name: iohk-monitoring
    version: 0.1.10.1
    git: https://github.com/input-output-hk/iohk-monitoring-framework
    pantry-tree:
      size: 4944
      sha256: 695781d60886a9a223b2e7bd9a9ee303510b4f6e84149eb4fb054ec89ad7581f
    commit: a89c38ed5825ba17ca79fddb85651007753d699d
  original:
    subdir: iohk-monitoring
    git: https://github.com/input-output-hk/iohk-monitoring-framework
    commit: a89c38ed5825ba17ca79fddb85651007753d699d
- completed:
    subdir: tracer-transformers
    name: tracer-transformers
    version: 0.1.0.1
    git: https://github.com/input-output-hk/iohk-monitoring-framework
    pantry-tree:
      size: 631
      sha256: b774352920631cfe54b8d947a063999a8327d259f95ed0e25671ad8ac90a02d0
    commit: a89c38ed5825ba17ca79fddb85651007753d699d
  original:
    subdir: tracer-transformers
    git: https://github.com/input-output-hk/iohk-monitoring-framework
    commit: a89c38ed5825ba17ca79fddb85651007753d699d
- completed:
    subdir: plugins/backend-ekg
    name: lobemo-backend-ekg
    version: 0.1.0.1
    git: https://github.com/input-output-hk/iohk-monitoring-framework
    pantry-tree:
      size: 409
      sha256: 8b5708e3aa9b94d51e2f6186057117d9eb912a80968c597f55883c3adf0e7057
    commit: a89c38ed5825ba17ca79fddb85651007753d699d
  original:
    subdir: plugins/backend-ekg
    git: https://github.com/input-output-hk/iohk-monitoring-framework
    commit: a89c38ed5825ba17ca79fddb85651007753d699d
snapshots:
- completed:
    size: 563099
    url: https://raw.githubusercontent.com/commercialhaskell/stackage-snapshots/master/lts/17/2.yaml
    sha256: 92b1a17e31d0a978fca4bf270305d4d1dd8092271bf60eafbc9349c890854026
  original: lts-17.2
